// !$*UTF8*$!
{
	archiveVersion = 1;
	classes = {
	};
	objectVersion = 77;
	objects = {

/* Begin PBXContainerItemProxy section */
		B314E0592CE5EE0E00FFF7FA /* PBXContainerItemProxy */ = {
			isa = PBXContainerItemProxy;
			containerPortal = B314E03A2CE5EE0C00FFF7FA /* Project object */;
			proxyType = 1;
			remoteGlobalIDString = B314E0412CE5EE0C00FFF7FA;
			remoteInfo = Sparta4_Calculator;
		};
		B314E0632CE5EE0E00FFF7FA /* PBXContainerItemProxy */ = {
			isa = PBXContainerItemProxy;
			containerPortal = B314E03A2CE5EE0C00FFF7FA /* Project object */;
			proxyType = 1;
			remoteGlobalIDString = B314E0412CE5EE0C00FFF7FA;
			remoteInfo = Sparta4_Calculator;
		};
/* End PBXContainerItemProxy section */

/* Begin PBXFileReference section */
		B314E0422CE5EE0C00FFF7FA /* Sparta4_Calculator.app */ = {isa = PBXFileReference; explicitFileType = wrapper.application; includeInIndex = 0; path = Sparta4_Calculator.app; sourceTree = BUILT_PRODUCTS_DIR; };
		B314E0582CE5EE0E00FFF7FA /* Sparta4_CalculatorTests.xctest */ = {isa = PBXFileReference; explicitFileType = wrapper.cfbundle; includeInIndex = 0; path = Sparta4_CalculatorTests.xctest; sourceTree = BUILT_PRODUCTS_DIR; };
		B314E0622CE5EE0E00FFF7FA /* Sparta4_CalculatorUITests.xctest */ = {isa = PBXFileReference; explicitFileType = wrapper.cfbundle; includeInIndex = 0; path = Sparta4_CalculatorUITests.xctest; sourceTree = BUILT_PRODUCTS_DIR; };
/* End PBXFileReference section */

/* Begin PBXFileSystemSynchronizedBuildFileExceptionSet section */
		B314E06A2CE5EE0E00FFF7FA /* Exceptions for "Sparta4_Calculator" folder in "Sparta4_Calculator" target */ = {
			isa = PBXFileSystemSynchronizedBuildFileExceptionSet;
			membershipExceptions = (
				Info.plist,
			);
			target = B314E0412CE5EE0C00FFF7FA /* Sparta4_Calculator */;
		};
/* End PBXFileSystemSynchronizedBuildFileExceptionSet section */

/* Begin PBXFileSystemSynchronizedRootGroup section */
		B314E0442CE5EE0C00FFF7FA /* Sparta4_Calculator */ = {
			isa = PBXFileSystemSynchronizedRootGroup;
			exceptions = (
				B314E06A2CE5EE0E00FFF7FA /* Exceptions for "Sparta4_Calculator" folder in "Sparta4_Calculator" target */,
			);
			path = Sparta4_Calculator;
			sourceTree = "<group>";
		};
		B314E05B2CE5EE0E00FFF7FA /* Sparta4_CalculatorTests */ = {
			isa = PBXFileSystemSynchronizedRootGroup;
			path = Sparta4_CalculatorTests;
			sourceTree = "<group>";
		};
		B314E0652CE5EE0E00FFF7FA /* Sparta4_CalculatorUITests */ = {
			isa = PBXFileSystemSynchronizedRootGroup;
			path = Sparta4_CalculatorUITests;
			sourceTree = "<group>";
		};
/* End PBXFileSystemSynchronizedRootGroup section */

/* Begin PBXFrameworksBuildPhase section */
		B314E03F2CE5EE0C00FFF7FA /* Frameworks */ = {
			isa = PBXFrameworksBuildPhase;
			buildActionMask = 2147483647;
			files = (
			);
			runOnlyForDeploymentPostprocessing = 0;
		};
		B314E0552CE5EE0E00FFF7FA /* Frameworks */ = {
			isa = PBXFrameworksBuildPhase;
			buildActionMask = 2147483647;
			files = (
			);
			runOnlyForDeploymentPostprocessing = 0;
		};
		B314E05F2CE5EE0E00FFF7FA /* Frameworks */ = {
			isa = PBXFrameworksBuildPhase;
			buildActionMask = 2147483647;
			files = (
			);
			runOnlyForDeploymentPostprocessing = 0;
		};
/* End PBXFrameworksBuildPhase section */

/* Begin PBXGroup section */
		B314E0392CE5EE0C00FFF7FA = {
			isa = PBXGroup;
			children = (
				B314E0442CE5EE0C00FFF7FA /* Sparta4_Calculator */,
				B314E05B2CE5EE0E00FFF7FA /* Sparta4_CalculatorTests */,
				B314E0652CE5EE0E00FFF7FA /* Sparta4_CalculatorUITests */,
				B314E0432CE5EE0C00FFF7FA /* Products */,
			);
			sourceTree = "<group>";
		};
		B314E0432CE5EE0C00FFF7FA /* Products */ = {
			isa = PBXGroup;
			children = (
				B314E0422CE5EE0C00FFF7FA /* Sparta4_Calculator.app */,
				B314E0582CE5EE0E00FFF7FA /* Sparta4_CalculatorTests.xctest */,
				B314E0622CE5EE0E00FFF7FA /* Sparta4_CalculatorUITests.xctest */,
			);
			name = Products;
			sourceTree = "<group>";
		};
/* End PBXGroup section */

/* Begin PBXNativeTarget section */
		B314E0412CE5EE0C00FFF7FA /* Sparta4_Calculator */ = {
			isa = PBXNativeTarget;
			buildConfigurationList = B314E06B2CE5EE0E00FFF7FA /* Build configuration list for PBXNativeTarget "Sparta4_Calculator" */;
			buildPhases = (
				B314E03E2CE5EE0C00FFF7FA /* Sources */,
				B314E03F2CE5EE0C00FFF7FA /* Frameworks */,
				B314E0402CE5EE0C00FFF7FA /* Resources */,
			);
			buildRules = (
			);
			dependencies = (
			);
			fileSystemSynchronizedGroups = (
				B314E0442CE5EE0C00FFF7FA /* Sparta4_Calculator */,
			);
			name = Sparta4_Calculator;
			packageProductDependencies = (
			);
			productName = Sparta4_Calculator;
			productReference = B314E0422CE5EE0C00FFF7FA /* Sparta4_Calculator.app */;
			productType = "com.apple.product-type.application";
		};
		B314E0572CE5EE0E00FFF7FA /* Sparta4_CalculatorTests */ = {
			isa = PBXNativeTarget;
			buildConfigurationList = B314E0702CE5EE0E00FFF7FA /* Build configuration list for PBXNativeTarget "Sparta4_CalculatorTests" */;
			buildPhases = (
				B314E0542CE5EE0E00FFF7FA /* Sources */,
				B314E0552CE5EE0E00FFF7FA /* Frameworks */,
				B314E0562CE5EE0E00FFF7FA /* Resources */,
			);
			buildRules = (
			);
			dependencies = (
				B314E05A2CE5EE0E00FFF7FA /* PBXTargetDependency */,
			);
			fileSystemSynchronizedGroups = (
				B314E05B2CE5EE0E00FFF7FA /* Sparta4_CalculatorTests */,
			);
			name = Sparta4_CalculatorTests;
			packageProductDependencies = (
			);
			productName = Sparta4_CalculatorTests;
			productReference = B314E0582CE5EE0E00FFF7FA /* Sparta4_CalculatorTests.xctest */;
			productType = "com.apple.product-type.bundle.unit-test";
		};
		B314E0612CE5EE0E00FFF7FA /* Sparta4_CalculatorUITests */ = {
			isa = PBXNativeTarget;
			buildConfigurationList = B314E0732CE5EE0E00FFF7FA /* Build configuration list for PBXNativeTarget "Sparta4_CalculatorUITests" */;
			buildPhases = (
				B314E05E2CE5EE0E00FFF7FA /* Sources */,
				B314E05F2CE5EE0E00FFF7FA /* Frameworks */,
				B314E0602CE5EE0E00FFF7FA /* Resources */,
			);
			buildRules = (
			);
			dependencies = (
				B314E0642CE5EE0E00FFF7FA /* PBXTargetDependency */,
			);
			fileSystemSynchronizedGroups = (
				B314E0652CE5EE0E00FFF7FA /* Sparta4_CalculatorUITests */,
			);
			name = Sparta4_CalculatorUITests;
			packageProductDependencies = (
			);
			productName = Sparta4_CalculatorUITests;
			productReference = B314E0622CE5EE0E00FFF7FA /* Sparta4_CalculatorUITests.xctest */;
			productType = "com.apple.product-type.bundle.ui-testing";
		};
/* End PBXNativeTarget section */

/* Begin PBXProject section */
		B314E03A2CE5EE0C00FFF7FA /* Project object */ = {
			isa = PBXProject;
			attributes = {
				BuildIndependentTargetsInParallel = 1;
				LastSwiftUpdateCheck = 1610;
				LastUpgradeCheck = 1610;
				TargetAttributes = {
					B314E0412CE5EE0C00FFF7FA = {
						CreatedOnToolsVersion = 16.1;
					};
					B314E0572CE5EE0E00FFF7FA = {
						CreatedOnToolsVersion = 16.1;
						TestTargetID = B314E0412CE5EE0C00FFF7FA;
					};
					B314E0612CE5EE0E00FFF7FA = {
						CreatedOnToolsVersion = 16.1;
						TestTargetID = B314E0412CE5EE0C00FFF7FA;
					};
				};
			};
			buildConfigurationList = B314E03D2CE5EE0C00FFF7FA /* Build configuration list for PBXProject "Sparta4_Calculator" */;
			developmentRegion = en;
			hasScannedForEncodings = 0;
			knownRegions = (
				en,
				Base,
			);
			mainGroup = B314E0392CE5EE0C00FFF7FA;
			minimizedProjectReferenceProxies = 1;
			preferredProjectObjectVersion = 77;
			productRefGroup = B314E0432CE5EE0C00FFF7FA /* Products */;
			projectDirPath = "";
			projectRoot = "";
			targets = (
				B314E0412CE5EE0C00FFF7FA /* Sparta4_Calculator */,
				B314E0572CE5EE0E00FFF7FA /* Sparta4_CalculatorTests */,
				B314E0612CE5EE0E00FFF7FA /* Sparta4_CalculatorUITests */,
			);
		};
/* End PBXProject section */

/* Begin PBXResourcesBuildPhase section */
		B314E0402CE5EE0C00FFF7FA /* Resources */ = {
			isa = PBXResourcesBuildPhase;
			buildActionMask = 2147483647;
			files = (
			);
			runOnlyForDeploymentPostprocessing = 0;
		};
		B314E0562CE5EE0E00FFF7FA /* Resources */ = {
			isa = PBXResourcesBuildPhase;
			buildActionMask = 2147483647;
			files = (
			);
			runOnlyForDeploymentPostprocessing = 0;
		};
		B314E0602CE5EE0E00FFF7FA /* Resources */ = {
			isa = PBXResourcesBuildPhase;
			buildActionMask = 2147483647;
			files = (
			);
			runOnlyForDeploymentPostprocessing = 0;
		};
/* End PBXResourcesBuildPhase section */

/* Begin PBXSourcesBuildPhase section */
		B314E03E2CE5EE0C00FFF7FA /* Sources */ = {
			isa = PBXSourcesBuildPhase;
			buildActionMask = 2147483647;
			files = (
			);
			runOnlyForDeploymentPostprocessing = 0;
		};
		B314E0542CE5EE0E00FFF7FA /* Sources */ = {
			isa = PBXSourcesBuildPhase;
			buildActionMask = 2147483647;
			files = (
			);
			runOnlyForDeploymentPostprocessing = 0;
		};
		B314E05E2CE5EE0E00FFF7FA /* Sources */ = {
			isa = PBXSourcesBuildPhase;
			buildActionMask = 2147483647;
			files = (
			);
			runOnlyForDeploymentPostprocessing = 0;
		};
/* End PBXSourcesBuildPhase section */

/* Begin PBXTargetDependency section */
		B314E05A2CE5EE0E00FFF7FA /* PBXTargetDependency */ = {
			isa = PBXTargetDependency;
			target = B314E0412CE5EE0C00FFF7FA /* Sparta4_Calculator */;
			targetProxy = B314E0592CE5EE0E00FFF7FA /* PBXContainerItemProxy */;
		};
		B314E0642CE5EE0E00FFF7FA /* PBXTargetDependency */ = {
			isa = PBXTargetDependency;
			target = B314E0412CE5EE0C00FFF7FA /* Sparta4_Calculator */;
			targetProxy = B314E0632CE5EE0E00FFF7FA /* PBXContainerItemProxy */;
		};
/* End PBXTargetDependency section */

/* Begin XCBuildConfiguration section */
		B314E06C2CE5EE0E00FFF7FA /* Debug */ = {
			isa = XCBuildConfiguration;
			buildSettings = {
				ASSETCATALOG_COMPILER_APPICON_NAME = AppIcon;
				ASSETCATALOG_COMPILER_GLOBAL_ACCENT_COLOR_NAME = AccentColor;
				CODE_SIGN_STYLE = Automatic;
				CURRENT_PROJECT_VERSION = 1;
				GENERATE_INFOPLIST_FILE = YES;
				INFOPLIST_FILE = Sparta4_Calculator/Info.plist;
				INFOPLIST_KEY_UIApplicationSupportsIndirectInputEvents = YES;
				INFOPLIST_KEY_UILaunchStoryboardName = LaunchScreen;
				INFOPLIST_KEY_UISupportedInterfaceOrientations_iPad = "UIInterfaceOrientationPortrait UIInterfaceOrientationPortraitUpsideDown UIInterfaceOrientationLandscapeLeft UIInterfaceOrientationLandscapeRight";
				INFOPLIST_KEY_UISupportedInterfaceOrientations_iPhone = "UIInterfaceOrientationPortrait UIInterfaceOrientationLandscapeLeft UIInterfaceOrientationLandscapeRight";
				LD_RUNPATH_SEARCH_PATHS = (
					"$(inherited)",
					"@executable_path/Frameworks",
				);
				MARKETING_VERSION = 1.0;
				PRODUCT_BUNDLE_IDENTIFIER = "com.soy.Sparta4-Calculator";
				PRODUCT_NAME = "$(TARGET_NAME)";
				SWIFT_EMIT_LOC_STRINGS = YES;
				SWIFT_VERSION = 5.0;
				TARGETED_DEVICE_FAMILY = "1,2";
			};
			name = Debug;
		};
		B314E06D2CE5EE0E00FFF7FA /* Release */ = {
			isa = XCBuildConfiguration;
			buildSettings = {
				ASSETCATALOG_COMPILER_APPICON_NAME = AppIcon;
				ASSETCATALOG_COMPILER_GLOBAL_ACCENT_COLOR_NAME = AccentColor;
				CODE_SIGN_STYLE = Automatic;
				CURRENT_PROJECT_VERSION = 1;
				GENERATE_INFOPLIST_FILE = YES;
				INFOPLIST_FILE = Sparta4_Calculator/Info.plist;
				INFOPLIST_KEY_UIApplicationSupportsIndirectInputEvents = YES;
				INFOPLIST_KEY_UILaunchStoryboardName = LaunchScreen;
				INFOPLIST_KEY_UISupportedInterfaceOrientations_iPad = "UIInterfaceOrientationPortrait UIInterfaceOrientationPortraitUpsideDown UIInterfaceOrientationLandscapeLeft UIInterfaceOrientationLandscapeRight";
				INFOPLIST_KEY_UISupportedInterfaceOrientations_iPhone = "UIInterfaceOrientationPortrait UIInterfaceOrientationLandscapeLeft UIInterfaceOrientationLandscapeRight";
				LD_RUNPATH_SEARCH_PATHS = (
					"$(inherited)",
					"@executable_path/Frameworks",
				);
				MARKETING_VERSION = 1.0;
				PRODUCT_BUNDLE_IDENTIFIER = "com.soy.Sparta4-Calculator";
				PRODUCT_NAME = "$(TARGET_NAME)";
				SWIFT_EMIT_LOC_STRINGS = YES;
				SWIFT_VERSION = 5.0;
				TARGETED_DEVICE_FAMILY = "1,2";
			};
			name = Release;
		};
		B314E06E2CE5EE0E00FFF7FA /* Debug */ = {
			isa = XCBuildConfiguration;
			buildSettings = {
				ALWAYS_SEARCH_USER_PATHS = NO;
				ASSETCATALOG_COMPILER_GENERATE_SWIFT_ASSET_SYMBOL_EXTENSIONS = YES;
				CLANG_ANALYZER_NONNULL = YES;
				CLANG_ANALYZER_NUMBER_OBJECT_CONVERSION = YES_AGGRESSIVE;
				CLANG_CXX_LANGUAGE_STANDARD = "gnu++20";
				CLANG_ENABLE_MODULES = YES;
				CLANG_ENABLE_OBJC_ARC = YES;
				CLANG_ENABLE_OBJC_WEAK = YES;
				CLANG_WARN_BLOCK_CAPTURE_AUTORELEASING = YES;
				CLANG_WARN_BOOL_CONVERSION = YES;
				CLANG_WARN_COMMA = YES;
				CLANG_WARN_CONSTANT_CONVERSION = YES;
				CLANG_WARN_DEPRECATED_OBJC_IMPLEMENTATIONS = YES;
				CLANG_WARN_DIRECT_OBJC_ISA_USAGE = YES_ERROR;
				CLANG_WARN_DOCUMENTATION_COMMENTS = YES;
				CLANG_WARN_EMPTY_BODY = YES;
				CLANG_WARN_ENUM_CONVERSION = YES;
				CLANG_WARN_INFINITE_RECURSION = YES;
				CLANG_WARN_INT_CONVERSION = YES;
				CLANG_WARN_NON_LITERAL_NULL_CONVERSION = YES;
				CLANG_WARN_OBJC_IMPLICIT_RETAIN_SELF = YES;
				CLANG_WARN_OBJC_LITERAL_CONVERSION = YES;
				CLANG_WARN_OBJC_ROOT_CLASS = YES_ERROR;
				CLANG_WARN_QUOTED_INCLUDE_IN_FRAMEWORK_HEADER = YES;
				CLANG_WARN_RANGE_LOOP_ANALYSIS = YES;
				CLANG_WARN_STRICT_PROTOTYPES = YES;
				CLANG_WARN_SUSPICIOUS_MOVE = YES;
				CLANG_WARN_UNGUARDED_AVAILABILITY = YES_AGGRESSIVE;
				CLANG_WARN_UNREACHABLE_CODE = YES;
				CLANG_WARN__DUPLICATE_METHOD_MATCH = YES;
				COPY_PHASE_STRIP = NO;
				DEBUG_INFORMATION_FORMAT = dwarf;
				ENABLE_STRICT_OBJC_MSGSEND = YES;
				ENABLE_TESTABILITY = YES;
				ENABLE_USER_SCRIPT_SANDBOXING = YES;
				GCC_C_LANGUAGE_STANDARD = gnu17;
				GCC_DYNAMIC_NO_PIC = NO;
				GCC_NO_COMMON_BLOCKS = YES;
				GCC_OPTIMIZATION_LEVEL = 0;
				GCC_PREPROCESSOR_DEFINITIONS = (
					"DEBUG=1",
					"$(inherited)",
				);
				GCC_WARN_64_TO_32_BIT_CONVERSION = YES;
				GCC_WARN_ABOUT_RETURN_TYPE = YES_ERROR;
				GCC_WARN_UNDECLARED_SELECTOR = YES;
				GCC_WARN_UNINITIALIZED_AUTOS = YES_AGGRESSIVE;
				GCC_WARN_UNUSED_FUNCTION = YES;
				GCC_WARN_UNUSED_VARIABLE = YES;
				IPHONEOS_DEPLOYMENT_TARGET = 18.1;
				LOCALIZATION_PREFERS_STRING_CATALOGS = YES;
				MTL_ENABLE_DEBUG_INFO = INCLUDE_SOURCE;
				MTL_FAST_MATH = YES;
				ONLY_ACTIVE_ARCH = YES;
				SDKROOT = iphoneos;
				SWIFT_ACTIVE_COMPILATION_CONDITIONS = "DEBUG $(inherited)";
				SWIFT_OPTIMIZATION_LEVEL = "-Onone";
			};
			name = Debug;
		};
		B314E06F2CE5EE0E00FFF7FA /* Release */ = {
			isa = XCBuildConfiguration;
			buildSettings = {
				ALWAYS_SEARCH_USER_PATHS = NO;
				ASSETCATALOG_COMPILER_GENERATE_SWIFT_ASSET_SYMBOL_EXTENSIONS = YES;
				CLANG_ANALYZER_NONNULL = YES;
				CLANG_ANALYZER_NUMBER_OBJECT_CONVERSION = YES_AGGRESSIVE;
				CLANG_CXX_LANGUAGE_STANDARD = "gnu++20";
				CLANG_ENABLE_MODULES = YES;
				CLANG_ENABLE_OBJC_ARC = YES;
				CLANG_ENABLE_OBJC_WEAK = YES;
				CLANG_WARN_BLOCK_CAPTURE_AUTORELEASING = YES;
				CLANG_WARN_BOOL_CONVERSION = YES;
				CLANG_WARN_COMMA = YES;
				CLANG_WARN_CONSTANT_CONVERSION = YES;
				CLANG_WARN_DEPRECATED_OBJC_IMPLEMENTATIONS = YES;
				CLANG_WARN_DIRECT_OBJC_ISA_USAGE = YES_ERROR;
				CLANG_WARN_DOCUMENTATION_COMMENTS = YES;
				CLANG_WARN_EMPTY_BODY = YES;
				CLANG_WARN_ENUM_CONVERSION = YES;
				CLANG_WARN_INFINITE_RECURSION = YES;
				CLANG_WARN_INT_CONVERSION = YES;
				CLANG_WARN_NON_LITERAL_NULL_CONVERSION = YES;
				CLANG_WARN_OBJC_IMPLICIT_RETAIN_SELF = YES;
				CLANG_WARN_OBJC_LITERAL_CONVERSION = YES;
				CLANG_WARN_OBJC_ROOT_CLASS = YES_ERROR;
				CLANG_WARN_QUOTED_INCLUDE_IN_FRAMEWORK_HEADER = YES;
				CLANG_WARN_RANGE_LOOP_ANALYSIS = YES;
				CLANG_WARN_STRICT_PROTOTYPES = YES;
				CLANG_WARN_SUSPICIOUS_MOVE = YES;
				CLANG_WARN_UNGUARDED_AVAILABILITY = YES_AGGRESSIVE;
				CLANG_WARN_UNREACHABLE_CODE = YES;
				CLANG_WARN__DUPLICATE_METHOD_MATCH = YES;
				COPY_PHASE_STRIP = NO;
				DEBUG_INFORMATION_FORMAT = "dwarf-with-dsym";
				ENABLE_NS_ASSERTIONS = NO;
				ENABLE_STRICT_OBJC_MSGSEND = YES;
				ENABLE_USER_SCRIPT_SANDBOXING = YES;
				GCC_C_LANGUAGE_STANDARD = gnu17;
				GCC_NO_COMMON_BLOCKS = YES;
				GCC_WARN_64_TO_32_BIT_CONVERSION = YES;
				GCC_WARN_ABOUT_RETURN_TYPE = YES_ERROR;
				GCC_WARN_UNDECLARED_SELECTOR = YES;
				GCC_WARN_UNINITIALIZED_AUTOS = YES_AGGRESSIVE;
				GCC_WARN_UNUSED_FUNCTION = YES;
				GCC_WARN_UNUSED_VARIABLE = YES;
				IPHONEOS_DEPLOYMENT_TARGET = 18.1;
				LOCALIZATION_PREFERS_STRING_CATALOGS = YES;
				MTL_ENABLE_DEBUG_INFO = NO;
				MTL_FAST_MATH = YES;
				SDKROOT = iphoneos;
				SWIFT_COMPILATION_MODE = wholemodule;
				VALIDATE_PRODUCT = YES;
			};
			name = Release;
		};
		B314E0712CE5EE0E00FFF7FA /* Debug */ = {
			isa = XCBuildConfiguration;
			buildSettings = {
				BUNDLE_LOADER = "$(TEST_HOST)";
				CODE_SIGN_STYLE = Automatic;
				CURRENT_PROJECT_VERSION = 1;
				GENERATE_INFOPLIST_FILE = YES;
				IPHONEOS_DEPLOYMENT_TARGET = 18.1;
				MARKETING_VERSION = 1.0;
				PRODUCT_BUNDLE_IDENTIFIER = "com.soy.Sparta4-CalculatorTests";
				PRODUCT_NAME = "$(TARGET_NAME)";
				SWIFT_EMIT_LOC_STRINGS = NO;
				SWIFT_VERSION = 5.0;
				TARGETED_DEVICE_FAMILY = "1,2";
				TEST_HOST = "$(BUILT_PRODUCTS_DIR)/Sparta4_Calculator.app/$(BUNDLE_EXECUTABLE_FOLDER_PATH)/Sparta4_Calculator";
			};
			name = Debug;
		};
		B314E0722CE5EE0E00FFF7FA /* Release */ = {
			isa = XCBuildConfiguration;
			buildSettings = {
				BUNDLE_LOADER = "$(TEST_HOST)";
				CODE_SIGN_STYLE = Automatic;
				CURRENT_PROJECT_VERSION = 1;
				GENERATE_INFOPLIST_FILE = YES;
				IPHONEOS_DEPLOYMENT_TARGET = 18.1;
				MARKETING_VERSION = 1.0;
				PRODUCT_BUNDLE_IDENTIFIER = "com.soy.Sparta4-CalculatorTests";
				PRODUCT_NAME = "$(TARGET_NAME)";
				SWIFT_EMIT_LOC_STRINGS = NO;
				SWIFT_VERSION = 5.0;
				TARGETED_DEVICE_FAMILY = "1,2";
				TEST_HOST = "$(BUILT_PRODUCTS_DIR)/Sparta4_Calculator.app/$(BUNDLE_EXECUTABLE_FOLDER_PATH)/Sparta4_Calculator";
			};
			name = Release;
		};
		B314E0742CE5EE0E00FFF7FA /* Debug */ = {
			isa = XCBuildConfiguration;
			buildSettings = {
				CODE_SIGN_STYLE = Automatic;
				CURRENT_PROJECT_VERSION = 1;
				GENERATE_INFOPLIST_FILE = YES;
				MARKETING_VERSION = 1.0;
				PRODUCT_BUNDLE_IDENTIFIER = "com.soy.Sparta4-CalculatorUITests";
				PRODUCT_NAME = "$(TARGET_NAME)";
				SWIFT_EMIT_LOC_STRINGS = NO;
				SWIFT_VERSION = 5.0;
				TARGETED_DEVICE_FAMILY = "1,2";
				TEST_TARGET_NAME = Sparta4_Calculator;
			};
			name = Debug;
		};
		B314E0752CE5EE0E00FFF7FA /* Release */ = {
			isa = XCBuildConfiguration;
			buildSettings = {
				CODE_SIGN_STYLE = Automatic;
				CURRENT_PROJECT_VERSION = 1;
				GENERATE_INFOPLIST_FILE = YES;
				MARKETING_VERSION = 1.0;
				PRODUCT_BUNDLE_IDENTIFIER = "com.soy.Sparta4-CalculatorUITests";
				PRODUCT_NAME = "$(TARGET_NAME)";
				SWIFT_EMIT_LOC_STRINGS = NO;
				SWIFT_VERSION = 5.0;
				TARGETED_DEVICE_FAMILY = "1,2";
				TEST_TARGET_NAME = Sparta4_Calculator;
			};
			name = Release;
		};
/* End XCBuildConfiguration section */

/* Begin XCConfigurationList section */
		B314E03D2CE5EE0C00FFF7FA /* Build configuration list for PBXProject "Sparta4_Calculator" */ = {
			isa = XCConfigurationList;
			buildConfigurations = (
				B314E06E2CE5EE0E00FFF7FA /* Debug */,
				B314E06F2CE5EE0E00FFF7FA /* Release */,
			);
			defaultConfigurationIsVisible = 0;
			defaultConfigurationName = Release;
		};
		B314E06B2CE5EE0E00FFF7FA /* Build configuration list for PBXNativeTarget "Sparta4_Calculator" */ = {
			isa = XCConfigurationList;
			buildConfigurations = (
				B314E06C2CE5EE0E00FFF7FA /* Debug */,
				B314E06D2CE5EE0E00FFF7FA /* Release */,
			);
			defaultConfigurationIsVisible = 0;
			defaultConfigurationName = Release;
		};
		B314E0702CE5EE0E00FFF7FA /* Build configuration list for PBXNativeTarget "Sparta4_CalculatorTests" */ = {
			isa = XCConfigurationList;
			buildConfigurations = (
				B314E0712CE5EE0E00FFF7FA /* Debug */,
				B314E0722CE5EE0E00FFF7FA /* Release */,
			);
			defaultConfigurationIsVisible = 0;
			defaultConfigurationName = Release;
		};
		B314E0732CE5EE0E00FFF7FA /* Build configuration list for PBXNativeTarget "Sparta4_CalculatorUITests" */ = {
			isa = XCConfigurationList;
			buildConfigurations = (
				B314E0742CE5EE0E00FFF7FA /* Debug */,
				B314E0752CE5EE0E00FFF7FA /* Release */,
			);
			defaultConfigurationIsVisible = 0;
			defaultConfigurationName = Release;
		};
/* End XCConfigurationList section */
	};
	rootObject = B314E03A2CE5EE0C00FFF7FA /* Project object */;
}
